{
  "name": "nub",
  "lockfileVersion": 3,
  "requires": true,
  "packages": {
    "": {
      "name": "nub",
      "license": "MIT",
      "dependencies": {
        "@js-temporal/polyfill": "^0.5.1",
        "@oxc-project/runtime": "0.132.0",
        "@petamoriken/float16": "^3.9.3",
        "lodash": "^4.18.1",
        "urlpattern-polyfill": "^10.1.0"
      },
      "devDependencies": {
        "taze": "19.14.1"
      },
      "engines": {
        "node": ">=22.15.0"
      }
    },
    "node_modules/@antfu/ni": {
      "version": "30.2.0",
      "resolved": "https://registry.npmjs.org/@antfu/ni/-/ni-30.2.0.tgz",
      "integrity": "sha512-/FOdAP1w8COnANVD3TtNj/tnpt/36RkU/ysKZTqx86x9acdhCqTFjDXNYVDyBg6UzcrTwWPUeY75ng7CWLNr+g==",
      "dev": true,
      "license": "MIT",
      "dependencies": {
        "fzf": "^0.5.2",
        "package-manager-detector": "^1.6.0",
        "tinyexec": "^1.2.4",
        "tinyglobby": "^0.2.17"
      },
      "bin": {
        "na": "bin/na.mjs",
        "nci": "bin/nci.mjs",
        "nd": "bin/nd.mjs",
        "ni": "bin/ni.mjs",
        "nlx": "bin/nlx.mjs",
        "nr": "bin/nr.mjs",
        "nun": "bin/nun.mjs",
        "nup": "bin/nup.mjs"
      },
      "engines": {
        "node": ">=20.19.0"
      }
    },
    "node_modules/@henrygd/queue": {
      "version": "1.2.0",
      "resolved": "https://registry.npmjs.org/@henrygd/queue/-/queue-1.2.0.tgz",
      "integrity": "sha512-jW/BLSTpcvExDhqJGxtIPgGr2O0IFF8XUNDwEbfCfhrXT8a4xztQ9Lv6U/vbYzYC0xVWn+3zv6YnLUh3bEFUKA==",
      "dev": true,
      "license": "MIT"
    },
    "node_modules/@js-temporal/polyfill": {
      "version": "0.5.1",
      "resolved": "https://registry.npmjs.org/@js-temporal/polyfill/-/polyfill-0.5.1.tgz",
      "integrity": "sha512-hloP58zRVCRSpgDxmqCWJNlizAlUgJFqG2ypq79DCvyv9tHjRYMDOcPFjzfl/A1/YxDvRCZz8wvZvmapQnKwFQ==",
      "license": "ISC",
      "dependencies": {
        "jsbi": "^4.3.0"
      },
      "engines": {
        "node": ">=12"
      }
    },
    "node_modules/@oxc-project/runtime": {
      "version": "0.132.0",
      "resolved": "https://registry.npmjs.org/@oxc-project/runtime/-/runtime-0.132.0.tgz",
      "integrity": "sha512-Y8if5Ci7/WP163yuVBxG98zxB0dK3QKiO9vKHXVP05MNHYFdoqMx5bhl8x69SNOaFM+hV0uadGHJmZ+zU3oILQ==",
      "license": "MIT",
      "engines": {
        "node": "^20.19.0 || >=22.12.0"
      }
    },
    "node_modules/@petamoriken/float16": {
      "version": "3.9.3",
      "resolved": "https://registry.npmjs.org/@petamoriken/float16/-/float16-3.9.3.tgz",
      "integrity": "sha512-8awtpHXCx/bNpFt4mt2xdkgtgVvKqty8VbjHI/WWWQuEw+KLzFot3f4+LkQY9YmOtq7A5GdOnqoIC8Pdygjk2g==",
      "license": "MIT"
    },
    "node_modules/@quansync/fs": {
      "version": "1.0.0",
      "resolved": "https://registry.npmjs.org/@quansync/fs/-/fs-1.0.0.tgz",
      "integrity": "sha512-4TJ3DFtlf1L5LDMaM6CanJ/0lckGNtJcMjQ1NAV6zDmA0tEHKZtxNKin8EgPaVX1YzljbxckyT2tJrpQKAtngQ==",
      "dev": true,
      "license": "MIT",
      "dependencies": {
        "quansync": "^1.0.0"
      },
      "funding": {
        "url": "https://github.com/sponsors/sxzz"
      }
    },
    "node_modules/cac": {
      "version": "7.0.0",
      "resolved": "https://registry.npmjs.org/cac/-/cac-7.0.0.tgz",
      "integrity": "sha512-tixWYgm5ZoOD+3g6UTea91eow5z6AAHaho3g0V9CNSNb45gM8SmflpAc+GRd1InC4AqN/07Unrgp56Y94N9hJQ==",
      "dev": true,
      "license": "MIT",
      "engines": {
        "node": ">=20.19.0"
      }
    },
    "node_modules/defu": {
      "version": "6.1.7",
      "resolved": "https://registry.npmjs.org/defu/-/defu-6.1.7.tgz",
      "integrity": "sha512-7z22QmUWiQ/2d0KkdYmANbRUVABpZ9SNYyH5vx6PZ+nE5bcC0l7uFvEfHlyld/HcGBFTL536ClDt3DEcSlEJAQ==",
      "dev": true,
      "license": "MIT"
    },
    "node_modules/destr": {
      "version": "2.0.5",
      "resolved": "https://registry.npmjs.org/destr/-/destr-2.0.5.tgz",
      "integrity": "sha512-ugFTXCtDZunbzasqBxrK93Ik/DRYsO6S/fedkWEMKqt04xZ4csmnmwGDBAb07QWNaGMAmnTIemsYZCksjATwsA==",
      "dev": true,
      "license": "MIT"
    },
    "node_modules/fdir": {
      "version": "6.5.0",
      "resolved": "https://registry.npmjs.org/fdir/-/fdir-6.5.0.tgz",
      "integrity": "sha512-tIbYtZbucOs0BRGqPJkshJUYdL+SDH7dVM8gjy+ERp3WAUjLEFJE+02kanyHtwjWOnwrKYBiwAmM0p4kLJAnXg==",
      "dev": true,
      "license": "MIT",
      "engines": {
        "node": ">=12.0.0"
      },
      "peerDependencies": {
        "picomatch": "^3 || ^4"
      },
      "peerDependenciesMeta": {
        "picomatch": {
          "optional": true
        }
      }
    },
    "node_modules/fzf": {
      "version": "0.5.2",
      "resolved": "https://registry.npmjs.org/fzf/-/fzf-0.5.2.tgz",
      "integrity": "sha512-Tt4kuxLXFKHy8KT40zwsUPUkg1CrsgY25FxA2U/j/0WgEDCk3ddc/zLTCCcbSHX9FcKtLuVaDGtGE/STWC+j3Q==",
      "dev": true,
      "license": "BSD-3-Clause"
    },
    "node_modules/jiti": {
      "version": "2.7.0",
      "resolved": "https://registry.npmjs.org/jiti/-/jiti-2.7.0.tgz",
      "integrity": "sha512-AC/7JofJvZGrrneWNaEnJeOLUx+JlGt7tNa0wZiRPT4MY1wmfKjt2+6O2p2uz2+skll8OZZmJMNqeke7kKbNgQ==",
      "dev": true,
      "license": "MIT",
      "bin": {
        "jiti": "lib/jiti-cli.mjs"
      }
    },
    "node_modules/jsbi": {
      "version": "4.3.2",
      "resolved": "https://registry.npmjs.org/jsbi/-/jsbi-4.3.2.tgz",
      "integrity": "sha512-9fqMSQbhJykSeii05nxKl4m6Eqn2P6rOlYiS+C5Dr/HPIU/7yZxu5qzbs40tgaFORiw2Amd0mirjxatXYMkIew==",
      "license": "Apache-2.0"
    },
    "node_modules/lodash": {
      "version": "4.18.1",
      "resolved": "https://registry.npmjs.org/lodash/-/lodash-4.18.1.tgz",
      "integrity": "sha512-dMInicTPVE8d1e5otfwmmjlxkZoUpiVLwyeTdUsi/Caj/gfzzblBcCE5sRHV/AsjuCmxWrte2TNGSYuCeCq+0Q==",
      "license": "MIT"
    },
    "node_modules/mimic-function": {
      "version": "5.0.1",
      "resolved": "https://registry.npmjs.org/mimic-function/-/mimic-function-5.0.1.tgz",
      "integrity": "sha512-VP79XUPxV2CigYP3jWwAUFSku2aKqBH7uTAapFWCBqutsbmDo96KY5o8uh6U+/YSIn5OxJnXp73beVkpqMIGhA==",
      "dev": true,
      "license": "MIT",
      "engines": {
        "node": ">=18"
      },
      "funding": {
        "url": "https://github.com/sponsors/sindresorhus"
      }
    },
    "node_modules/node-fetch-native": {
      "version": "1.6.7",
      "resolved": "https://registry.npmjs.org/node-fetch-native/-/node-fetch-native-1.6.7.tgz",
      "integrity": "sha512-g9yhqoedzIUm0nTnTqAQvueMPVOuIY16bqgAJJC8XOOubYFNwz6IER9qs0Gq2Xd0+CecCKFjtdDTMA4u4xG06Q==",
      "dev": true,
      "license": "MIT"
    },
    "node_modules/ofetch": {
      "version": "1.5.1",
      "resolved": "https://registry.npmjs.org/ofetch/-/ofetch-1.5.1.tgz",
      "integrity": "sha512-2W4oUZlVaqAPAil6FUg/difl6YhqhUR7x2eZY4bQCko22UXg3hptq9KLQdqFClV+Wu85UX7hNtdGTngi/1BxcA==",
      "dev": true,
      "license": "MIT",
      "dependencies": {
        "destr": "^2.0.5",
        "node-fetch-native": "^1.6.7",
        "ufo": "^1.6.1"
      }
    },
    "node_modules/onetime": {
      "version": "7.0.0",
      "resolved": "https://registry.npmjs.org/onetime/-/onetime-7.0.0.tgz",
      "integrity": "sha512-VXJjc87FScF88uafS3JllDgvAm+c/Slfz06lorj2uAY34rlUu0Nt+v8wreiImcrgAjjIHp1rXpTDlLOGw29WwQ==",
      "dev": true,
      "license": "MIT",
      "dependencies": {
        "mimic-function": "^5.0.0"
      },
      "engines": {
        "node": ">=18"
      },
      "funding": {
        "url": "https://github.com/sponsors/sindresorhus"
      }
    },
    "node_modules/package-manager-detector": {
      "version": "1.7.0",
      "resolved": "https://registry.npmjs.org/package-manager-detector/-/package-manager-detector-1.7.0.tgz",
      "integrity": "sha512-xg1eHpwYL/D/HEdWw2goFZP6vV0FH7W+PZ5rFkGjdIDLtxq7EkzBUeT3m+lndYCt8wKbmofUu1MUdMCXkCk9ZQ==",
      "dev": true,
      "license": "MIT"
    },
    "node_modules/pathe": {
      "version": "2.0.3",
      "resolved": "https://registry.npmjs.org/pathe/-/pathe-2.0.3.tgz",
      "integrity": "sha512-WUjGcAqP1gQacoQe+OBJsFA7Ld4DyXuUIjZ5cc75cLHvJ7dtNsTugphxIADwspS+AraAUePCKrSVtPLFj/F88w==",
      "dev": true,
      "license": "MIT"
    },
    "node_modules/picomatch": {
      "version": "4.0.5",
      "resolved": "https://registry.npmjs.org/picomatch/-/picomatch-4.0.5.tgz",
      "integrity": "sha512-RvwwcruNjI1ncT5xRakeyS9Lf8lcItv34KD+aif+VH9kduAyfYBipGh12274xtenIPZ119/R9BdTBa8gAwSh0A==",
      "dev": true,
      "license": "MIT",
      "engines": {
        "node": ">=12"
      },
      "funding": {
        "url": "https://github.com/sponsors/jonschlinkert"
      }
    },
    "node_modules/pnpm-workspace-yaml": {
      "version": "1.6.1",
      "resolved": "https://registry.npmjs.org/pnpm-workspace-yaml/-/pnpm-workspace-yaml-1.6.1.tgz",
      "integrity": "sha512-yTeZntGWi8m9WNuhoVsP0DpFc4sC1U0+rr/qR6Zi9n2g3sxXY+JfccjXjjruNz96tM8I09yaJUA86doRnNLkbg==",
      "dev": true,
      "funding": [
        {
          "type": "individual",
          "url": "https://github.com/sponsors/antfu"
        },
        {
          "type": "individual",
          "url": "https://github.com/sponsors/sxzz"
        }
      ],
      "license": "MIT",
      "dependencies": {
        "yaml": "^2.9.0"
      }
    },
    "node_modules/quansync": {
      "version": "1.0.0",
      "resolved": "https://registry.npmjs.org/quansync/-/quansync-1.0.0.tgz",
      "integrity": "sha512-5xZacEEufv3HSTPQuchrvV6soaiACMFnq1H8wkVioctoH3TRha9Sz66lOxRwPK/qZj7HPiSveih9yAyh98gvqA==",
      "dev": true,
      "funding": [
        {
          "type": "individual",
          "url": "https://github.com/sponsors/antfu"
        },
        {
          "type": "individual",
          "url": "https://github.com/sponsors/sxzz"
        }
      ],
      "license": "MIT"
    },
    "node_modules/restore-cursor": {
      "version": "5.1.0",
      "resolved": "https://registry.npmjs.org/restore-cursor/-/restore-cursor-5.1.0.tgz",
      "integrity": "sha512-oMA2dcrw6u0YfxJQXm342bFKX/E4sG9rbTzO9ptUcR/e8A33cHuvStiYOwH7fszkZlZ1z/ta9AAoPk2F4qIOHA==",
      "dev": true,
      "license": "MIT",
      "dependencies": {
        "onetime": "^7.0.0",
        "signal-exit": "^4.1.0"
      },
      "engines": {
        "node": ">=18"
      },
      "funding": {
        "url": "https://github.com/sponsors/sindresorhus"
      }
    },
    "node_modules/signal-exit": {
      "version": "4.1.0",
      "resolved": "https://registry.npmjs.org/signal-exit/-/signal-exit-4.1.0.tgz",
      "integrity": "sha512-bzyZ1e88w9O1iNJbKnOlvYTrWPDl46O1bG0D3XInv+9tkPrxrN8jUUTiFlDkkmKWgn1M6CfIA13SuGqOa9Korw==",
      "dev": true,
      "license": "ISC",
      "engines": {
        "node": ">=14"
      },
      "funding": {
        "url": "https://github.com/sponsors/isaacs"
      }
    },
    "node_modules/taze": {
      "version": "19.14.1",
      "resolved": "https://registry.npmjs.org/taze/-/taze-19.14.1.tgz",
      "integrity": "sha512-+wf/IqGReU68vBE/iJ7JCuV5QeD6zQBp9MI6YphN7bT2vf/YIHd0oVA4AJiX3uANI1hQY58MrVmDwLv0x/q3BA==",
      "dev": true,
      "license": "MIT",
      "dependencies": {
        "@antfu/ni": "^30.1.0",
        "@henrygd/queue": "^1.2.0",
        "cac": "^7.0.0",
        "ofetch": "^1.5.1",
        "package-manager-detector": "^1.6.0",
        "pathe": "^2.0.3",
        "pnpm-workspace-yaml": "^1.6.1",
        "restore-cursor": "^5.1.0",
        "tinyexec": "^1.2.2",
        "tinyglobby": "^0.2.16",
        "unconfig": "^7.5.0",
        "yaml": "^2.9.0"
      },
      "bin": {
        "taze": "bin/taze.mjs"
      },
      "funding": {
        "url": "https://github.com/sponsors/antfu"
      }
    },
    "node_modules/tinyexec": {
      "version": "1.2.4",
      "resolved": "https://registry.npmjs.org/tinyexec/-/tinyexec-1.2.4.tgz",
      "integrity": "sha512-SHf/r48b7vOrjve9PxJo3MN5v5yuyjHvdUcrQffT3WXMUfnGmHDVbC4k3sHJaJTgZCwpUplIaAo5ANtMyp3YHg==",
      "dev": true,
      "license": "MIT",
      "engines": {
        "node": ">=18"
      }
    },
    "node_modules/tinyglobby": {
      "version": "0.2.17",
      "resolved": "https://registry.npmjs.org/tinyglobby/-/tinyglobby-0.2.17.tgz",
      "integrity": "sha512-wXR/dYpcqKmfWpEdZjiKJOwCNFndD0DMnrW/cYjVGttEkBfVgcLFHoNrlj47mjOVic9yyNu65alsgF4NQyTa2g==",
      "dev": true,
      "license": "MIT",
      "dependencies": {
        "fdir": "^6.5.0",
        "picomatch": "^4.0.4"
      },
      "engines": {
        "node": ">=12.0.0"
      },
      "funding": {
        "url": "https://github.com/sponsors/SuperchupuDev"
      }
    },
    "node_modules/ufo": {
      "version": "1.6.4",
      "resolved": "https://registry.npmjs.org/ufo/-/ufo-1.6.4.tgz",
      "integrity": "sha512-JFNbkD1Svwe0KvGi8GOeLcP4kAWQ609twvCdcHxq1oSL8svv39ZuSvajcD8B+5D0eL4+s1Is2D/O6KN3qcTeRA==",
      "dev": true,
      "license": "MIT"
    },
    "node_modules/unconfig": {
      "version": "7.5.0",
      "resolved": "https://registry.npmjs.org/unconfig/-/unconfig-7.5.0.tgz",
      "integrity": "sha512-oi8Qy2JV4D3UQ0PsopR28CzdQ3S/5A1zwsUwp/rosSbfhJ5z7b90bIyTwi/F7hCLD4SGcZVjDzd4XoUQcEanvA==",
      "dev": true,
      "license": "MIT",
      "dependencies": {
        "@quansync/fs": "^1.0.0",
        "defu": "^6.1.4",
        "jiti": "^2.6.1",
        "quansync": "^1.0.0",
        "unconfig-core": "7.5.0"
      },
      "funding": {
        "url": "https://github.com/sponsors/antfu"
      }
    },
    "node_modules/unconfig-core": {
      "version": "7.5.0",
      "resolved": "https://registry.npmjs.org/unconfig-core/-/unconfig-core-7.5.0.tgz",
      "integrity": "sha512-Su3FauozOGP44ZmKdHy2oE6LPjk51M/TRRjHv2HNCWiDvfvCoxC2lno6jevMA91MYAdCdwP05QnWdWpSbncX/w==",
      "dev": true,
      "license": "MIT",
      "dependencies": {
        "@quansync/fs": "^1.0.0",
        "quansync": "^1.0.0"
      },
      "funding": {
        "url": "https://github.com/sponsors/antfu"
      }
    },
    "node_modules/urlpattern-polyfill": {
      "version": "10.1.0",
      "resolved": "https://registry.npmjs.org/urlpattern-polyfill/-/urlpattern-polyfill-10.1.0.tgz",
      "integrity": "sha512-IGjKp/o0NL3Bso1PymYURCJxMPNAf/ILOpendP9f5B6e1rTJgdgiOvgfoT8VxCAdY+Wisb9uhGaJJf3yZ2V9nw==",
      "license": "MIT"
    },
    "node_modules/yaml": {
      "version": "2.9.0",
      "resolved": "https://registry.npmjs.org/yaml/-/yaml-2.9.0.tgz",
      "integrity": "sha512-2AvhNX3mb8zd6Zy7INTtSpl1F15HW6Wnqj0srWlkKLcpYl/gMIMJiyuGq2KeI2YFxUPjdlB+3Lc10seMLtL4cA==",
      "dev": true,
      "license": "ISC",
      "bin": {
        "yaml": "bin.mjs"
      },
      "engines": {
        "node": ">= 14.6"
      },
      "funding": {
        "url": "https://github.com/sponsors/eemeli"
      }
    }
  }
}
